
Microsoft Visual Studio Solution File, Format Version 12.00
# Visual Studio 15
VisualStudioVersion = 15.0.27004.2006
MinimumVisualStudioVersion = 10.0.40219.1
Project("{FAE04EC0-301F-11D3-BF4B-00C04F79EFBC}") = "Videobutik", "Videobutik\Videobutik.csproj", "{03ACBBE9-DC49-4A39-95A8-EF691CCB5A33}"
EndProject
Project("{FAE04EC0-301F-11D3-BF4B-00C04F79EFBC}") = "Videobutik.Tests", "Videobutik.Tests\Videobutik.Tests.csproj", "{6F54BE64-EFDA-4C4F-84BD-238CF31E1EB8}"
EndProject
Global
	GlobalSection(SolutionConfigurationPlatforms) = preSolution
		Debug|Any CPU = Debug|Any CPU
		Release|Any CPU = Release|Any CPU
	EndGlobalSection
	GlobalSection(ProjectConfigurationPlatforms) = postSolution
		{03ACBBE9-DC49-4A39-95A8-EF691CCB5A33}.Debug|Any CPU.ActiveCfg = Debug|Any CPU
		{03ACBBE9-DC49-4A39-95A8-EF691CCB5A33}.Debug|Any CPU.Build.0 = Debug|Any CPU
		{03ACBBE9-DC49-4A39-95A8-EF691CCB5A33}.Release|Any CPU.ActiveCfg = Release|Any CPU
		{03ACBBE9-DC49-4A39-95A8-EF691CCB5A33}.Release|Any CPU.Build.0 = Release|Any CPU
		{6F54BE64-EFDA-4C4F-84BD-238CF31E1EB8}.Debug|Any CPU.ActiveCfg = Debug|Any CPU
		{6F54BE64-EFDA-4C4F-84BD-238CF31E1EB8}.Debug|Any CPU.Build.0 = Debug|Any CPU
		{6F54BE64-EFDA-4C4F-84BD-238CF31E1EB8}.Release|Any CPU.ActiveCfg = Release|Any CPU
		{6F54BE64-EFDA-4C4F-84BD-238CF31E1EB8}.Release|Any CPU.Build.0 = Release|Any CPU
	EndGlobalSection
	GlobalSection(SolutionProperties) = preSolution
		HideSolutionNode = FALSE
	EndGlobalSection
	GlobalSection(ExtensibilityGlobals) = postSolution
		SolutionGuid = {987CA3DB-F098-4CE1-AD23-40BEF09EAB75}
	EndGlobalSection
EndGlobal
